// !$*UTF8*$!
{
	archiveVersion = 1;
	classes = {
	};
	objectVersion = 50;
	objects = {

/* Begin PBXBuildFile section */
		02091F0B20D96E63003A224B /* LoginControllerViewModel.swift in Sources */ = {isa = PBXBuildFile; fileRef = 02091F0A20D96E63003A224B /* LoginControllerViewModel.swift */; };
		02091F1120D96F8E003A224B /* LoginService.swift in Sources */ = {isa = PBXBuildFile; fileRef = 02091F1020D96F8E003A224B /* LoginService.swift */; };
		02091F1420D973D9003A224B /* ControllerType.swift in Sources */ = {isa = PBXBuildFile; fileRef = 02091F1320D973D9003A224B /* ControllerType.swift */; };
		02091F1620D973F3003A224B /* ViewModelType.swift in Sources */ = {isa = PBXBuildFile; fileRef = 02091F1520D973F3003A224B /* ViewModelType.swift */; };
		02091F1920D97557003A224B /* Credentials.swift in Sources */ = {isa = PBXBuildFile; fileRef = 02091F1820D97557003A224B /* Credentials.swift */; };
		02091F1C20D975DA003A224B /* User.swift in Sources */ = {isa = PBXBuildFile; fileRef = 02091F1B20D975DA003A224B /* User.swift */; };
		02091F1E20D98266003A224B /* Observable+Extensions.swift in Sources */ = {isa = PBXBuildFile; fileRef = 02091F1D20D98266003A224B /* Observable+Extensions.swift */; };
		02091F2120D983D8003A224B /* UIViewController+Extensions.swift in Sources */ = {isa = PBXBuildFile; fileRef = 02091F2020D983D8003A224B /* UIViewController+Extensions.swift */; };
		028A068D20D96B1400F135D1 /* AppDelegate.swift in Sources */ = {isa = PBXBuildFile; fileRef = 028A068C20D96B1400F135D1 /* AppDelegate.swift */; };
		028A068F20D96B1400F135D1 /* LoginController.swift in Sources */ = {isa = PBXBuildFile; fileRef = 028A068E20D96B1400F135D1 /* LoginController.swift */; };
		028A069220D96B1400F135D1 /* Main.storyboard in Resources */ = {isa = PBXBuildFile; fileRef = 028A069020D96B1400F135D1 /* Main.storyboard */; };
		028A069420D96B1600F135D1 /* Assets.xcassets in Resources */ = {isa = PBXBuildFile; fileRef = 028A069320D96B1600F135D1 /* Assets.xcassets */; };
		028A069720D96B1600F135D1 /* LaunchScreen.storyboard in Resources */ = {isa = PBXBuildFile; fileRef = 028A069520D96B1600F135D1 /* LaunchScreen.storyboard */; };
		D8CDF3199E2093FB47F814C6 /* Pods_MVVM_RxSwift_LoginFlow.framework in Frameworks */ = {isa = PBXBuildFile; fileRef = 391D74D252D3F0F72BFBC7C1 /* Pods_MVVM_RxSwift_LoginFlow.framework */; };
/* End PBXBuildFile section */

/* Begin PBXFileReference section */
		02091F0A20D96E63003A224B /* LoginControllerViewModel.swift */ = {isa = PBXFileReference; lastKnownFileType = sourcecode.swift; path = LoginControllerViewModel.swift; sourceTree = "<group>"; };
		02091F1020D96F8E003A224B /* LoginService.swift */ = {isa = PBXFileReference; lastKnownFileType = sourcecode.swift; path = LoginService.swift; sourceTree = "<group>"; };
		02091F1320D973D9003A224B /* ControllerType.swift */ = {isa = PBXFileReference; lastKnownFileType = sourcecode.swift; path = ControllerType.swift; sourceTree = "<group>"; };
		02091F1520D973F3003A224B /* ViewModelType.swift */ = {isa = PBXFileReference; lastKnownFileType = sourcecode.swift; path = ViewModelType.swift; sourceTree = "<group>"; };
		02091F1820D97557003A224B /* Credentials.swift */ = {isa = PBXFileReference; lastKnownFileType = sourcecode.swift; path = Credentials.swift; sourceTree = "<group>"; };
		02091F1B20D975DA003A224B /* User.swift */ = {isa = PBXFileReference; lastKnownFileType = sourcecode.swift; path = User.swift; sourceTree = "<group>"; };
		02091F1D20D98266003A224B /* Observable+Extensions.swift */ = {isa = PBXFileReference; lastKnownFileType = sourcecode.swift; path = "Observable+Extensions.swift"; sourceTree = "<group>"; };
		02091F2020D983D8003A224B /* UIViewController+Extensions.swift */ = {isa = PBXFileReference; lastKnownFileType = sourcecode.swift; path = "UIViewController+Extensions.swift"; sourceTree = "<group>"; };
		028A068920D96B1400F135D1 /* MVVM-RxSwift-LoginFlow.app */ = {isa = PBXFileReference; explicitFileType = wrapper.application; includeInIndex = 0; path = "MVVM-RxSwift-LoginFlow.app"; sourceTree = BUILT_PRODUCTS_DIR; };
		028A068C20D96B1400F135D1 /* AppDelegate.swift */ = {isa = PBXFileReference; lastKnownFileType = sourcecode.swift; path = AppDelegate.swift; sourceTree = "<group>"; };
		028A068E20D96B1400F135D1 /* LoginController.swift */ = {isa = PBXFileReference; lastKnownFileType = sourcecode.swift; path = LoginController.swift; sourceTree = "<group>"; };
		028A069120D96B1400F135D1 /* Base */ = {isa = PBXFileReference; lastKnownFileType = file.storyboard; name = Base; path = Base.lproj/Main.storyboard; sourceTree = "<group>"; };
		028A069320D96B1600F135D1 /* Assets.xcassets */ = {isa = PBXFileReference; lastKnownFileType = folder.assetcatalog; path = Assets.xcassets; sourceTree = "<group>"; };
		028A069620D96B1600F135D1 /* Base */ = {isa = PBXFileReference; lastKnownFileType = file.storyboard; name = Base; path = Base.lproj/LaunchScreen.storyboard; sourceTree = "<group>"; };
		028A069820D96B1600F135D1 /* Info.plist */ = {isa = PBXFileReference; lastKnownFileType = text.plist.xml; path = Info.plist; sourceTree = "<group>"; };
		391D74D252D3F0F72BFBC7C1 /* Pods_MVVM_RxSwift_LoginFlow.framework */ = {isa = PBXFileReference; explicitFileType = wrapper.framework; includeInIndex = 0; path = Pods_MVVM_RxSwift_LoginFlow.framework; sourceTree = BUILT_PRODUCTS_DIR; };
		7590AFA59417279C75475E55 /* Pods-MVVM-RxSwift-LoginFlow.release.xcconfig */ = {isa = PBXFileReference; includeInIndex = 1; lastKnownFileType = text.xcconfig; name = "Pods-MVVM-RxSwift-LoginFlow.release.xcconfig"; path = "Pods/Target Support Files/Pods-MVVM-RxSwift-LoginFlow/Pods-MVVM-RxSwift-LoginFlow.release.xcconfig"; sourceTree = "<group>"; };
		A44ED279AC24B47C5E8243F0 /* Pods-MVVM-RxSwift-LoginFlow.debug.xcconfig */ = {isa = PBXFileReference; includeInIndex = 1; lastKnownFileType = text.xcconfig; name = "Pods-MVVM-RxSwift-LoginFlow.debug.xcconfig"; path = "Pods/Target Support Files/Pods-MVVM-RxSwift-LoginFlow/Pods-MVVM-RxSwift-LoginFlow.debug.xcconfig"; sourceTree = "<group>"; };
/* End PBXFileReference section */

/* Begin PBXFrameworksBuildPhase section */
		028A068620D96B1400F135D1 /* Frameworks */ = {
			isa = PBXFrameworksBuildPhase;
			buildActionMask = 2147483647;
			files = (
				D8CDF3199E2093FB47F814C6 /* Pods_MVVM_RxSwift_LoginFlow.framework in Frameworks */,
			);
			runOnlyForDeploymentPostprocessing = 0;
		};
/* End PBXFrameworksBuildPhase section */

/* Begin PBXGroup section */
		02091F0920D96E4C003A224B /* Controllers */ = {
			isa = PBXGroup;
			children = (
				028A068E20D96B1400F135D1 /* LoginController.swift */,
			);
			path = Controllers;
			sourceTree = "<group>";
		};
		02091F0C20D96E87003A224B /* ViewModels */ = {
			isa = PBXGroup;
			children = (
				02091F0A20D96E63003A224B /* LoginControllerViewModel.swift */,
			);
			path = ViewModels;
			sourceTree = "<group>";
		};
		02091F1220D96FAD003A224B /* Services */ = {
			isa = PBXGroup;
			children = (
				02091F1020D96F8E003A224B /* LoginService.swift */,
			);
			path = Services;
			sourceTree = "<group>";
		};
		02091F1720D97419003A224B /* Protocols */ = {
			isa = PBXGroup;
			children = (
				02091F1320D973D9003A224B /* ControllerType.swift */,
				02091F1520D973F3003A224B /* ViewModelType.swift */,
			);
			path = Protocols;
			sourceTree = "<group>";
		};
		02091F1A20D97573003A224B /* Models */ = {
			isa = PBXGroup;
			children = (
				02091F1820D97557003A224B /* Credentials.swift */,
				02091F1B20D975DA003A224B /* User.swift */,
			);
			path = Models;
			sourceTree = "<group>";
		};
		02091F1F20D9827E003A224B /* Extensions */ = {
			isa = PBXGroup;
			children = (
				02091F1D20D98266003A224B /* Observable+Extensions.swift */,
				02091F2020D983D8003A224B /* UIViewController+Extensions.swift */,
			);
			path = Extensions;
			sourceTree = "<group>";
		};
		028A068020D96B1400F135D1 = {
			isa = PBXGroup;
			children = (
				028A068B20D96B1400F135D1 /* MVVM-RxSwift-LoginFlow */,
				028A068A20D96B1400F135D1 /* Products */,
				B19269D2A9698E2A686D25CD /* Pods */,
				66129F8884AB99C60DF76AB9 /* Frameworks */,
			);
			sourceTree = "<group>";
		};
		028A068A20D96B1400F135D1 /* Products */ = {
			isa = PBXGroup;
			children = (
				028A068920D96B1400F135D1 /* MVVM-RxSwift-LoginFlow.app */,
			);
			name = Products;
			sourceTree = "<group>";
		};
		028A068B20D96B1400F135D1 /* MVVM-RxSwift-LoginFlow */ = {
			isa = PBXGroup;
			children = (
				028A068C20D96B1400F135D1 /* AppDelegate.swift */,
				02091F1F20D9827E003A224B /* Extensions */,
				02091F1720D97419003A224B /* Protocols */,
				02091F1220D96FAD003A224B /* Services */,
				02091F0C20D96E87003A224B /* ViewModels */,
				02091F0920D96E4C003A224B /* Controllers */,
				02091F1A20D97573003A224B /* Models */,
				028A069020D96B1400F135D1 /* Main.storyboard */,
				028A069320D96B1600F135D1 /* Assets.xcassets */,
				028A069520D96B1600F135D1 /* LaunchScreen.storyboard */,
				028A069820D96B1600F135D1 /* Info.plist */,
			);
			path = "MVVM-RxSwift-LoginFlow";
			sourceTree = "<group>";
		};
		66129F8884AB99C60DF76AB9 /* Frameworks */ = {
			isa = PBXGroup;
			children = (
				391D74D252D3F0F72BFBC7C1 /* Pods_MVVM_RxSwift_LoginFlow.framework */,
			);
			name = Frameworks;
			sourceTree = "<group>";
		};
		B19269D2A9698E2A686D25CD /* Pods */ = {
			isa = PBXGroup;
			children = (
				A44ED279AC24B47C5E8243F0 /* Pods-MVVM-RxSwift-LoginFlow.debug.xcconfig */,
				7590AFA59417279C75475E55 /* Pods-MVVM-RxSwift-LoginFlow.release.xcconfig */,
			);
			name = Pods;
			sourceTree = "<group>";
		};
/* End PBXGroup section */

/* Begin PBXNativeTarget section */
		028A068820D96B1400F135D1 /* MVVM-RxSwift-LoginFlow */ = {
			isa = PBXNativeTarget;
			buildConfigurationList = 028A069B20D96B1600F135D1 /* Build configuration list for PBXNativeTarget "MVVM-RxSwift-LoginFlow" */;
			buildPhases = (
				3D720CE98AB8534642463796 /* [CP] Check Pods Manifest.lock */,
				028A068520D96B1400F135D1 /* Sources */,
				028A068620D96B1400F135D1 /* Frameworks */,
				028A068720D96B1400F135D1 /* Resources */,
				B420F31445C9258D635F4D2D /* [CP] Embed Pods Frameworks */,
			);
			buildRules = (
			);
			dependencies = (
			);
			name = "MVVM-RxSwift-LoginFlow";
			productName = "MVVM-RxSwift-LoginFlow";
			productReference = 028A068920D96B1400F135D1 /* MVVM-RxSwift-LoginFlow.app */;
			productType = "com.apple.product-type.application";
		};
/* End PBXNativeTarget section */

/* Begin PBXProject section */
		028A068120D96B1400F135D1 /* Project object */ = {
			isa = PBXProject;
			attributes = {
				LastSwiftUpdateCheck = 0940;
				LastUpgradeCheck = 0940;
				ORGANIZATIONNAME = "Alexey Savchenko";
				TargetAttributes = {
					028A068820D96B1400F135D1 = {
						CreatedOnToolsVersion = 9.4.1;
					};
				};
			};
			buildConfigurationList = 028A068420D96B1400F135D1 /* Build configuration list for PBXProject "MVVM-RxSwift-LoginFlow" */;
			compatibilityVersion = "Xcode 9.3";
			developmentRegion = en;
			hasScannedForEncodings = 0;
			knownRegions = (
				en,
				Base,
			);
			mainGroup = 028A068020D96B1400F135D1;
			productRefGroup = 028A068A20D96B1400F135D1 /* Products */;
			projectDirPath = "";
			projectRoot = "";
			targets = (
				028A068820D96B1400F135D1 /* MVVM-RxSwift-LoginFlow */,
			);
		};
/* End PBXProject section */

/* Begin PBXResourcesBuildPhase section */
		028A068720D96B1400F135D1 /* Resources */ = {
			isa = PBXResourcesBuildPhase;
			buildActionMask = 2147483647;
			files = (
				028A069720D96B1600F135D1 /* LaunchScreen.storyboard in Resources */,
				028A069420D96B1600F135D1 /* Assets.xcassets in Resources */,
				028A069220D96B1400F135D1 /* Main.storyboard in Resources */,
			);
			runOnlyForDeploymentPostprocessing = 0;
		};
/* End PBXResourcesBuildPhase section */

/* Begin PBXShellScriptBuildPhase section */
		3D720CE98AB8534642463796 /* [CP] Check Pods Manifest.lock */ = {
			isa = PBXShellScriptBuildPhase;
			buildActionMask = 2147483647;
			files = (
			);
			inputPaths = (
				"${PODS_PODFILE_DIR_PATH}/Podfile.lock",
				"${PODS_ROOT}/Manifest.lock",
			);
			name = "[CP] Check Pods Manifest.lock";
			outputPaths = (
				"$(DERIVED_FILE_DIR)/Pods-MVVM-RxSwift-LoginFlow-checkManifestLockResult.txt",
			);
			runOnlyForDeploymentPostprocessing = 0;
			shellPath = /bin/sh;
			shellScript = "diff \"${PODS_PODFILE_DIR_PATH}/Podfile.lock\" \"${PODS_ROOT}/Manifest.lock\" > /dev/null\nif [ $? != 0 ] ; then\n    # print error to STDERR\n    echo \"error: The sandbox is not in sync with the Podfile.lock. Run 'pod install' or update your CocoaPods installation.\" >&2\n    exit 1\nfi\n# This output is used by Xcode 'outputs' to avoid re-running this script phase.\necho \"SUCCESS\" > \"${SCRIPT_OUTPUT_FILE_0}\"\n";
			showEnvVarsInLog = 0;
		};
		B420F31445C9258D635F4D2D /* [CP] Embed Pods Frameworks */ = {
			isa = PBXShellScriptBuildPhase;
			buildActionMask = 2147483647;
			files = (
			);
			inputPaths = (
				"${SRCROOT}/Pods/Target Support Files/Pods-MVVM-RxSwift-LoginFlow/Pods-MVVM-RxSwift-LoginFlow-frameworks.sh",
				"${BUILT_PRODUCTS_DIR}/RxCocoa/RxCocoa.framework",
				"${BUILT_PRODUCTS_DIR}/RxSwift/RxSwift.framework",
			);
			name = "[CP] Embed Pods Frameworks";
			outputPaths = (
				"${TARGET_BUILD_DIR}/${FRAMEWORKS_FOLDER_PATH}/RxCocoa.framework",
				"${TARGET_BUILD_DIR}/${FRAMEWORKS_FOLDER_PATH}/RxSwift.framework",
			);
			runOnlyForDeploymentPostprocessing = 0;
			shellPath = /bin/sh;
			shellScript = "\"${SRCROOT}/Pods/Target Support Files/Pods-MVVM-RxSwift-LoginFlow/Pods-MVVM-RxSwift-LoginFlow-frameworks.sh\"\n";
			showEnvVarsInLog = 0;
		};
/* End PBXShellScriptBuildPhase section */

/* Begin PBXSourcesBuildPhase section */
		028A068520D96B1400F135D1 /* Sources */ = {
			isa = PBXSourcesBuildPhase;
			buildActionMask = 2147483647;
			files = (
				028A068F20D96B1400F135D1 /* LoginController.swift in Sources */,
				02091F0B20D96E63003A224B /* LoginControllerViewModel.swift in Sources */,
				02091F2120D983D8003A224B /* UIViewController+Extensions.swift in Sources */,
				02091F1620D973F3003A224B /* ViewModelType.swift in Sources */,
				02091F1920D97557003A224B /* Credentials.swift in Sources */,
				02091F1C20D975DA003A224B /* User.swift in Sources */,
				02091F1420D973D9003A224B /* ControllerType.swift in Sources */,
				028A068D20D96B1400F135D1 /* AppDelegate.swift in Sources */,
				02091F1E20D98266003A224B /* Observable+Extensions.swift in Sources */,
				02091F1120D96F8E003A224B /* LoginService.swift in Sources */,
			);
			runOnlyForDeploymentPostprocessing = 0;
		};
/* End PBXSourcesBuildPhase section */

/* Begin PBXVariantGroup section */
		028A069020D96B1400F135D1 /* Main.storyboard */ = {
			isa = PBXVariantGroup;
			children = (
				028A069120D96B1400F135D1 /* Base */,
			);
			name = Main.storyboard;
			sourceTree = "<group>";
		};
		028A069520D96B1600F135D1 /* LaunchScreen.storyboard */ = {
			isa = PBXVariantGroup;
			children = (
				028A069620D96B1600F135D1 /* Base */,
			);
			name = LaunchScreen.storyboard;
			sourceTree = "<group>";
		};
/* End PBXVariantGroup section */

/* Begin XCBuildConfiguration section */
		028A069920D96B1600F135D1 /* Debug */ = {
			isa = XCBuildConfiguration;
			buildSettings = {
				ALWAYS_SEARCH_USER_PATHS = NO;
				CLANG_ANALYZER_NONNULL = YES;
				CLANG_ANALYZER_NUMBER_OBJECT_CONVERSION = YES_AGGRESSIVE;
				CLANG_CXX_LANGUAGE_STANDARD = "gnu++14";
				CLANG_CXX_LIBRARY = "libc++";
				CLANG_ENABLE_MODULES = YES;
				CLANG_ENABLE_OBJC_ARC = YES;
				CLANG_ENABLE_OBJC_WEAK = YES;
				CLANG_WARN_BLOCK_CAPTURE_AUTORELEASING = YES;
				CLANG_WARN_BOOL_CONVERSION = YES;
				CLANG_WARN_COMMA = YES;
				CLANG_WARN_CONSTANT_CONVERSION = YES;
				CLANG_WARN_DEPRECATED_OBJC_IMPLEMENTATIONS = YES;
				CLANG_WARN_DIRECT_OBJC_ISA_USAGE = YES_ERROR;
				CLANG_WARN_DOCUMENTATION_COMMENTS = YES;
				CLANG_WARN_EMPTY_BODY = YES;
				CLANG_WARN_ENUM_CONVERSION = YES;
				CLANG_WARN_INFINITE_RECURSION = YES;
				CLANG_WARN_INT_CONVERSION = YES;
				CLANG_WARN_NON_LITERAL_NULL_CONVERSION = YES;
				CLANG_WARN_OBJC_IMPLICIT_RETAIN_SELF = YES;
				CLANG_WARN_OBJC_LITERAL_CONVERSION = YES;
				CLANG_WARN_OBJC_ROOT_CLASS = YES_ERROR;
				CLANG_WARN_RANGE_LOOP_ANALYSIS = YES;
				CLANG_WARN_STRICT_PROTOTYPES = YES;
				CLANG_WARN_SUSPICIOUS_MOVE = YES;
				CLANG_WARN_UNGUARDED_AVAILABILITY = YES_AGGRESSIVE;
				CLANG_WARN_UNREACHABLE_CODE = YES;
				CLANG_WARN__DUPLICATE_METHOD_MATCH = YES;
				CODE_SIGN_IDENTITY = "iPhone Developer";
				COPY_PHASE_STRIP = NO;
				DEBUG_INFORMATION_FORMAT = dwarf;
				ENABLE_STRICT_OBJC_MSGSEND = YES;
				ENABLE_TESTABILITY = YES;
				GCC_C_LANGUAGE_STANDARD = gnu11;
				GCC_DYNAMIC_NO_PIC = NO;
				GCC_NO_COMMON_BLOCKS = YES;
				GCC_OPTIMIZATION_LEVEL = 0;
				GCC_PREPROCESSOR_DEFINITIONS = (
					"DEBUG=1",
					"$(inherited)",
				);
				GCC_WARN_64_TO_32_BIT_CONVERSION = YES;
				GCC_WARN_ABOUT_RETURN_TYPE = YES_ERROR;
				GCC_WARN_UNDECLARED_SELECTOR = YES;
				GCC_WARN_UNINITIALIZED_AUTOS = YES_AGGRESSIVE;
				GCC_WARN_UNUSED_FUNCTION = YES;
				GCC_WARN_UNUSED_VARIABLE = YES;
				IPHONEOS_DEPLOYMENT_TARGET = 11.4;
				MTL_ENABLE_DEBUG_INFO = YES;
				ONLY_ACTIVE_ARCH = YES;
				SDKROOT = iphoneos;
				SWIFT_ACTIVE_COMPILATION_CONDITIONS = DEBUG;
				SWIFT_OPTIMIZATION_LEVEL = "-Onone";
			};
			name = Debug;
		};
		028A069A20D96B1600F135D1 /* Release */ = {
			isa = XCBuildConfiguration;
			buildSettings = {
				ALWAYS_SEARCH_USER_PATHS = NO;
				CLANG_ANALYZER_NONNULL = YES;
				CLANG_ANALYZER_NUMBER_OBJECT_CONVERSION = YES_AGGRESSIVE;
				CLANG_CXX_LANGUAGE_STANDARD = "gnu++14";
				CLANG_CXX_LIBRARY = "libc++";
				CLANG_ENABLE_MODULES = YES;
				CLANG_ENABLE_OBJC_ARC = YES;
				CLANG_ENABLE_OBJC_WEAK = YES;
				CLANG_WARN_BLOCK_CAPTURE_AUTORELEASING = YES;
				CLANG_WARN_BOOL_CONVERSION = YES;
				CLANG_WARN_COMMA = YES;
				CLANG_WARN_CONSTANT_CONVERSION = YES;
				CLANG_WARN_DEPRECATED_OBJC_IMPLEMENTATIONS = YES;
				CLANG_WARN_DIRECT_OBJC_ISA_USAGE = YES_ERROR;
				CLANG_WARN_DOCUMENTATION_COMMENTS = YES;
				CLANG_WARN_EMPTY_BODY = YES;
				CLANG_WARN_ENUM_CONVERSION = YES;
				CLANG_WARN_INFINITE_RECURSION = YES;
				CLANG_WARN_INT_CONVERSION = YES;
				CLANG_WARN_NON_LITERAL_NULL_CONVERSION = YES;
				CLANG_WARN_OBJC_IMPLICIT_RETAIN_SELF = YES;
				CLANG_WARN_OBJC_LITERAL_CONVERSION = YES;
				CLANG_WARN_OBJC_ROOT_CLASS = YES_ERROR;
				CLANG_WARN_RANGE_LOOP_ANALYSIS = YES;
				CLANG_WARN_STRICT_PROTOTYPES = YES;
				CLANG_WARN_SUSPICIOUS_MOVE = YES;
				CLANG_WARN_UNGUARDED_AVAILABILITY = YES_AGGRESSIVE;
				CLANG_WARN_UNREACHABLE_CODE = YES;
				CLANG_WARN__DUPLICATE_METHOD_MATCH = YES;
				CODE_SIGN_IDENTITY = "iPhone Developer";
				COPY_PHASE_STRIP = NO;
				DEBUG_INFORMATION_FORMAT = "dwarf-with-dsym";
				ENABLE_NS_ASSERTIONS = NO;
				ENABLE_STRICT_OBJC_MSGSEND = YES;
				GCC_C_LANGUAGE_STANDARD = gnu11;
				GCC_NO_COMMON_BLOCKS = YES;
				GCC_WARN_64_TO_32_BIT_CONVERSION = YES;
				GCC_WARN_ABOUT_RETURN_TYPE = YES_ERROR;
				GCC_WARN_UNDECLARED_SELECTOR = YES;
				GCC_WARN_UNINITIALIZED_AUTOS = YES_AGGRESSIVE;
				GCC_WARN_UNUSED_FUNCTION = YES;
				GCC_WARN_UNUSED_VARIABLE = YES;
				IPHONEOS_DEPLOYMENT_TARGET = 11.4;
				MTL_ENABLE_DEBUG_INFO = NO;
				SDKROOT = iphoneos;
				SWIFT_COMPILATION_MODE = wholemodule;
				SWIFT_OPTIMIZATION_LEVEL = "-O";
				VALIDATE_PRODUCT = YES;
			};
			name = Release;
		};
		028A069C20D96B1600F135D1 /* Debug */ = {
			isa = XCBuildConfiguration;
			baseConfigurationReference = A44ED279AC24B47C5E8243F0 /* Pods-MVVM-RxSwift-LoginFlow.debug.xcconfig */;
			buildSettings = {
				ASSETCATALOG_COMPILER_APPICON_NAME = AppIcon;
				CODE_SIGN_STYLE = Automatic;
				INFOPLIST_FILE = "MVVM-RxSwift-LoginFlow/Info.plist";
				LD_RUNPATH_SEARCH_PATHS = (
					"$(inherited)",
					"@executable_path/Frameworks",
				);
				PRODUCT_BUNDLE_IDENTIFIER = "svch.MVVM-RxSwift-LoginFlow";
				PRODUCT_NAME = "$(TARGET_NAME)";
				SWIFT_VERSION = 4.0;
				TARGETED_DEVICE_FAMILY = "1,2";
			};
			name = Debug;
		};
		028A069D20D96B1600F135D1 /* Release */ = {
			isa = XCBuildConfiguration;
			baseConfigurationReference = 7590AFA59417279C75475E55 /* Pods-MVVM-RxSwift-LoginFlow.release.xcconfig */;
			buildSettings = {
				ASSETCATALOG_COMPILER_APPICON_NAME = AppIcon;
				CODE_SIGN_STYLE = Automatic;
				INFOPLIST_FILE = "MVVM-RxSwift-LoginFlow/Info.plist";
				LD_RUNPATH_SEARCH_PATHS = (
					"$(inherited)",
					"@executable_path/Frameworks",
				);
				PRODUCT_BUNDLE_IDENTIFIER = "svch.MVVM-RxSwift-LoginFlow";
				PRODUCT_NAME = "$(TARGET_NAME)";
				SWIFT_VERSION = 4.0;
				TARGETED_DEVICE_FAMILY = "1,2";
			};
			name = Release;
		};
/* End XCBuildConfiguration section */

/* Begin XCConfigurationList section */
		028A068420D96B1400F135D1 /* Build configuration list for PBXProject "MVVM-RxSwift-LoginFlow" */ = {
			isa = XCConfigurationList;
			buildConfigurations = (
				028A069920D96B1600F135D1 /* Debug */,
				028A069A20D96B1600F135D1 /* Release */,
			);
			defaultConfigurationIsVisible = 0;
			defaultConfigurationName = Release;
		};
		028A069B20D96B1600F135D1 /* Build configuration list for PBXNativeTarget "MVVM-RxSwift-LoginFlow" */ = {
			isa = XCConfigurationList;
			buildConfigurations = (
				028A069C20D96B1600F135D1 /* Debug */,
				028A069D20D96B1600F135D1 /* Release */,
			);
			defaultConfigurationIsVisible = 0;
			defaultConfigurationName = Release;
		};
/* End XCConfigurationList section */
	};
	rootObject = 028A068120D96B1400F135D1 /* Project object */;
}
